
Microsoft Visual Studio Solution File, Format Version 12.00
# Visual Studio Version 17
VisualStudioVersion = 17.1.32421.90
MinimumVisualStudioVersion = 10.0.40219.1
Project("{FAE04EC0-301F-11D3-BF4B-00C04F79EFBC}") = "ShowdownReplayParser.Application", "ShowdownReplayParser.Application\ShowdownReplayParser.Application.csproj", "{176151E5-A4C0-4B5A-9C75-4F35E33F2A54}"
EndProject
Global
	GlobalSection(SolutionConfigurationPlatforms) = preSolution
		Debug|Any CPU = Debug|Any CPU
		Release|Any CPU = Release|Any CPU
	EndGlobalSection
	GlobalSection(ProjectConfigurationPlatforms) = postSolution
		{176151E5-A4C0-4B5A-9C75-4F35E33F2A54}.Debug|Any CPU.ActiveCfg = Debug|Any CPU
		{176151E5-A4C0-4B5A-9C75-4F35E33F2A54}.Debug|Any CPU.Build.0 = Debug|Any CPU
		{176151E5-A4C0-4B5A-9C75-4F35E33F2A54}.Release|Any CPU.ActiveCfg = Release|Any CPU
		{176151E5-A4C0-4B5A-9C75-4F35E33F2A54}.Release|Any CPU.Build.0 = Release|Any CPU
	EndGlobalSection
	GlobalSection(SolutionProperties) = preSolution
		HideSolutionNode = FALSE
	EndGlobalSection
	GlobalSection(ExtensibilityGlobals) = postSolution
		SolutionGuid = {9A960737-32B6-485B-B29D-C8A88CE59FD0}
	EndGlobalSection
EndGlobal
